// !$*UTF8*$!
{
	archiveVersion = 1;
	classes = {
	};
	objectVersion = 46;
	objects = {

/* Begin PBXBuildFile section */
		7408EC781C8DCCA900366C45 /* AppDelegate.swift in Sources */ = {isa = PBXBuildFile; fileRef = 7408EC771C8DCCA900366C45 /* AppDelegate.swift */; };
		7408EC7A1C8DCCA900366C45 /* TableViewController.swift in Sources */ = {isa = PBXBuildFile; fileRef = 7408EC791C8DCCA900366C45 /* TableViewController.swift */; };
		7408EC7D1C8DCCA900366C45 /* Main.storyboard in Resources */ = {isa = PBXBuildFile; fileRef = 7408EC7B1C8DCCA900366C45 /* Main.storyboard */; };
		7408EC801C8DCCA900366C45 /* ListApp.xcdatamodeld in Sources */ = {isa = PBXBuildFile; fileRef = 7408EC7E1C8DCCA900366C45 /* ListApp.xcdatamodeld */; };
		7408EC821C8DCCA900366C45 /* Assets.xcassets in Resources */ = {isa = PBXBuildFile; fileRef = 7408EC811C8DCCA900366C45 /* Assets.xcassets */; };
		7408EC851C8DCCA900366C45 /* LaunchScreen.storyboard in Resources */ = {isa = PBXBuildFile; fileRef = 7408EC831C8DCCA900366C45 /* LaunchScreen.storyboard */; };
		7408EC901C8DCCA900366C45 /* ListAppTests.swift in Sources */ = {isa = PBXBuildFile; fileRef = 7408EC8F1C8DCCA900366C45 /* ListAppTests.swift */; };
		7408EC9B1C8DCCA900366C45 /* ListAppUITests.swift in Sources */ = {isa = PBXBuildFile; fileRef = 7408EC9A1C8DCCA900366C45 /* ListAppUITests.swift */; };
/* End PBXBuildFile section */

/* Begin PBXContainerItemProxy section */
		7408EC8C1C8DCCA900366C45 /* PBXContainerItemProxy */ = {
			isa = PBXContainerItemProxy;
			containerPortal = 7408EC6C1C8DCCA900366C45 /* Project object */;
			proxyType = 1;
			remoteGlobalIDString = 7408EC731C8DCCA900366C45;
			remoteInfo = ListApp;
		};
		7408EC971C8DCCA900366C45 /* PBXContainerItemProxy */ = {
			isa = PBXContainerItemProxy;
			containerPortal = 7408EC6C1C8DCCA900366C45 /* Project object */;
			proxyType = 1;
			remoteGlobalIDString = 7408EC731C8DCCA900366C45;
			remoteInfo = ListApp;
		};
/* End PBXContainerItemProxy section */

/* Begin PBXFileReference section */
		7408EC741C8DCCA900366C45 /* ListApp.app */ = {isa = PBXFileReference; explicitFileType = wrapper.application; includeInIndex = 0; path = ListApp.app; sourceTree = BUILT_PRODUCTS_DIR; };
		7408EC771C8DCCA900366C45 /* AppDelegate.swift */ = {isa = PBXFileReference; lastKnownFileType = sourcecode.swift; path = AppDelegate.swift; sourceTree = "<group>"; };
		7408EC791C8DCCA900366C45 /* TableViewController.swift */ = {isa = PBXFileReference; lastKnownFileType = sourcecode.swift; path = TableViewController.swift; sourceTree = "<group>"; };
		7408EC7C1C8DCCA900366C45 /* Base */ = {isa = PBXFileReference; lastKnownFileType = file.storyboard; name = Base; path = Base.lproj/Main.storyboard; sourceTree = "<group>"; };
		7408EC7F1C8DCCA900366C45 /* ListApp.xcdatamodel */ = {isa = PBXFileReference; lastKnownFileType = wrapper.xcdatamodel; path = ListApp.xcdatamodel; sourceTree = "<group>"; };
		7408EC811C8DCCA900366C45 /* Assets.xcassets */ = {isa = PBXFileReference; lastKnownFileType = folder.assetcatalog; path = Assets.xcassets; sourceTree = "<group>"; };
		7408EC841C8DCCA900366C45 /* Base */ = {isa = PBXFileReference; lastKnownFileType = file.storyboard; name = Base; path = Base.lproj/LaunchScreen.storyboard; sourceTree = "<group>"; };
		7408EC861C8DCCA900366C45 /* Info.plist */ = {isa = PBXFileReference; lastKnownFileType = text.plist.xml; path = Info.plist; sourceTree = "<group>"; };
		7408EC8B1C8DCCA900366C45 /* ListAppTests.xctest */ = {isa = PBXFileReference; explicitFileType = wrapper.cfbundle; includeInIndex = 0; path = ListAppTests.xctest; sourceTree = BUILT_PRODUCTS_DIR; };
		7408EC8F1C8DCCA900366C45 /* ListAppTests.swift */ = {isa = PBXFileReference; lastKnownFileType = sourcecode.swift; path = ListAppTests.swift; sourceTree = "<group>"; };
		7408EC911C8DCCA900366C45 /* Info.plist */ = {isa = PBXFileReference; lastKnownFileType = text.plist.xml; path = Info.plist; sourceTree = "<group>"; };
		7408EC961C8DCCA900366C45 /* ListAppUITests.xctest */ = {isa = PBXFileReference; explicitFileType = wrapper.cfbundle; includeInIndex = 0; path = ListAppUITests.xctest; sourceTree = BUILT_PRODUCTS_DIR; };
		7408EC9A1C8DCCA900366C45 /* ListAppUITests.swift */ = {isa = PBXFileReference; lastKnownFileType = sourcecode.swift; path = ListAppUITests.swift; sourceTree = "<group>"; };
		7408EC9C1C8DCCA900366C45 /* Info.plist */ = {isa = PBXFileReference; lastKnownFileType = text.plist.xml; path = Info.plist; sourceTree = "<group>"; };
/* End PBXFileReference section */

/* Begin PBXFrameworksBuildPhase section */
		7408EC711C8DCCA900366C45 /* Frameworks */ = {
			isa = PBXFrameworksBuildPhase;
			buildActionMask = 2147483647;
			files = (
			);
			runOnlyForDeploymentPostprocessing = 0;
		};
		7408EC881C8DCCA900366C45 /* Frameworks */ = {
			isa = PBXFrameworksBuildPhase;
			buildActionMask = 2147483647;
			files = (
			);
			runOnlyForDeploymentPostprocessing = 0;
		};
		7408EC931C8DCCA900366C45 /* Frameworks */ = {
			isa = PBXFrameworksBuildPhase;
			buildActionMask = 2147483647;
			files = (
			);
			runOnlyForDeploymentPostprocessing = 0;
		};
/* End PBXFrameworksBuildPhase section */

/* Begin PBXGroup section */
		7408EC6B1C8DCCA900366C45 = {
			isa = PBXGroup;
			children = (
				7408EC761C8DCCA900366C45 /* ListApp */,
				7408EC8E1C8DCCA900366C45 /* ListAppTests */,
				7408EC991C8DCCA900366C45 /* ListAppUITests */,
				7408EC751C8DCCA900366C45 /* Products */,
			);
			sourceTree = "<group>";
		};
		7408EC751C8DCCA900366C45 /* Products */ = {
			isa = PBXGroup;
			children = (
				7408EC741C8DCCA900366C45 /* ListApp.app */,
				7408EC8B1C8DCCA900366C45 /* ListAppTests.xctest */,
				7408EC961C8DCCA900366C45 /* ListAppUITests.xctest */,
			);
			name = Products;
			sourceTree = "<group>";
		};
		7408EC761C8DCCA900366C45 /* ListApp */ = {
			isa = PBXGroup;
			children = (
				7408ECAB1C8DCD4700366C45 /* SupportedFiles */,
				7408ECAA1C8DCCD200366C45 /* Model */,
				7408ECA91C8DCCCC00366C45 /* View */,
				7408ECA81C8DCCC200366C45 /* Controller */,
			);
			path = ListApp;
			sourceTree = "<group>";
		};
		7408EC8E1C8DCCA900366C45 /* ListAppTests */ = {
			isa = PBXGroup;
			children = (
				7408EC8F1C8DCCA900366C45 /* ListAppTests.swift */,
				7408EC911C8DCCA900366C45 /* Info.plist */,
			);
			path = ListAppTests;
			sourceTree = "<group>";
		};
		7408EC991C8DCCA900366C45 /* ListAppUITests */ = {
			isa = PBXGroup;
			children = (
				7408EC9A1C8DCCA900366C45 /* ListAppUITests.swift */,
				7408EC9C1C8DCCA900366C45 /* Info.plist */,
			);
			path = ListAppUITests;
			sourceTree = "<group>";
		};
		7408ECA81C8DCCC200366C45 /* Controller */ = {
			isa = PBXGroup;
			children = (
				7408EC791C8DCCA900366C45 /* TableViewController.swift */,
			);
			name = Controller;
			sourceTree = "<group>";
		};
		7408ECA91C8DCCCC00366C45 /* View */ = {
			isa = PBXGroup;
			children = (
				7408EC7B1C8DCCA900366C45 /* Main.storyboard */,
				7408EC831C8DCCA900366C45 /* LaunchScreen.storyboard */,
			);
			name = View;
			sourceTree = "<group>";
		};
		7408ECAA1C8DCCD200366C45 /* Model */ = {
			isa = PBXGroup;
			children = (
				7408EC7E1C8DCCA900366C45 /* ListApp.xcdatamodeld */,
			);
			name = Model;
			sourceTree = "<group>";
		};
		7408ECAB1C8DCD4700366C45 /* SupportedFiles */ = {
			isa = PBXGroup;
			children = (
				7408EC771C8DCCA900366C45 /* AppDelegate.swift */,
				7408EC811C8DCCA900366C45 /* Assets.xcassets */,
				7408EC861C8DCCA900366C45 /* Info.plist */,
			);
			name = SupportedFiles;
			sourceTree = "<group>";
		};
/* End PBXGroup section */

/* Begin PBXNativeTarget section */
		7408EC731C8DCCA900366C45 /* ListApp */ = {
			isa = PBXNativeTarget;
			buildConfigurationList = 7408EC9F1C8DCCA900366C45 /* Build configuration list for PBXNativeTarget "ListApp" */;
			buildPhases = (
				7408EC701C8DCCA900366C45 /* Sources */,
				7408EC711C8DCCA900366C45 /* Frameworks */,
				7408EC721C8DCCA900366C45 /* Resources */,
			);
			buildRules = (
			);
			dependencies = (
			);
			name = ListApp;
			productName = ListApp;
			productReference = 7408EC741C8DCCA900366C45 /* ListApp.app */;
			productType = "com.apple.product-type.application";
		};
		7408EC8A1C8DCCA900366C45 /* ListAppTests */ = {
			isa = PBXNativeTarget;
			buildConfigurationList = 7408ECA21C8DCCA900366C45 /* Build configuration list for PBXNativeTarget "ListAppTests" */;
			buildPhases = (
				7408EC871C8DCCA900366C45 /* Sources */,
				7408EC881C8DCCA900366C45 /* Frameworks */,
				7408EC891C8DCCA900366C45 /* Resources */,
			);
			buildRules = (
			);
			dependencies = (
				7408EC8D1C8DCCA900366C45 /* PBXTargetDependency */,
			);
			name = ListAppTests;
			productName = ListAppTests;
			productReference = 7408EC8B1C8DCCA900366C45 /* ListAppTests.xctest */;
			productType = "com.apple.product-type.bundle.unit-test";
		};
		7408EC951C8DCCA900366C45 /* ListAppUITests */ = {
			isa = PBXNativeTarget;
			buildConfigurationList = 7408ECA51C8DCCA900366C45 /* Build configuration list for PBXNativeTarget "ListAppUITests" */;
			buildPhases = (
				7408EC921C8DCCA900366C45 /* Sources */,
				7408EC931C8DCCA900366C45 /* Frameworks */,
				7408EC941C8DCCA900366C45 /* Resources */,
			);
			buildRules = (
			);
			dependencies = (
				7408EC981C8DCCA900366C45 /* PBXTargetDependency */,
			);
			name = ListAppUITests;
			productName = ListAppUITests;
			productReference = 7408EC961C8DCCA900366C45 /* ListAppUITests.xctest */;
			productType = "com.apple.product-type.bundle.ui-testing";
		};
/* End PBXNativeTarget section */

/* Begin PBXProject section */
		7408EC6C1C8DCCA900366C45 /* Project object */ = {
			isa = PBXProject;
			attributes = {
				LastSwiftUpdateCheck = 0720;
				LastUpgradeCheck = 0720;
				ORGANIZATIONNAME = "Alvin Joseph Valdez";
				TargetAttributes = {
					7408EC731C8DCCA900366C45 = {
						CreatedOnToolsVersion = 7.2.1;
					};
					7408EC8A1C8DCCA900366C45 = {
						CreatedOnToolsVersion = 7.2.1;
						TestTargetID = 7408EC731C8DCCA900366C45;
					};
					7408EC951C8DCCA900366C45 = {
						CreatedOnToolsVersion = 7.2.1;
						TestTargetID = 7408EC731C8DCCA900366C45;
					};
				};
			};
			buildConfigurationList = 7408EC6F1C8DCCA900366C45 /* Build configuration list for PBXProject "ListApp" */;
			compatibilityVersion = "Xcode 3.2";
			developmentRegion = English;
			hasScannedForEncodings = 0;
			knownRegions = (
				en,
				Base,
			);
			mainGroup = 7408EC6B1C8DCCA900366C45;
			productRefGroup = 7408EC751C8DCCA900366C45 /* Products */;
			projectDirPath = "";
			projectRoot = "";
			targets = (
				7408EC731C8DCCA900366C45 /* ListApp */,
				7408EC8A1C8DCCA900366C45 /* ListAppTests */,
				7408EC951C8DCCA900366C45 /* ListAppUITests */,
			);
		};
/* End PBXProject section */

/* Begin PBXResourcesBuildPhase section */
		7408EC721C8DCCA900366C45 /* Resources */ = {
			isa = PBXResourcesBuildPhase;
			buildActionMask = 2147483647;
			files = (
				7408EC851C8DCCA900366C45 /* LaunchScreen.storyboard in Resources */,
				7408EC821C8DCCA900366C45 /* Assets.xcassets in Resources */,
				7408EC7D1C8DCCA900366C45 /* Main.storyboard in Resources */,
			);
			runOnlyForDeploymentPostprocessing = 0;
		};
		7408EC891C8DCCA900366C45 /* Resources */ = {
			isa = PBXResourcesBuildPhase;
			buildActionMask = 2147483647;
			files = (
			);
			runOnlyForDeploymentPostprocessing = 0;
		};
		7408EC941C8DCCA900366C45 /* Resources */ = {
			isa = PBXResourcesBuildPhase;
			buildActionMask = 2147483647;
			files = (
			);
			runOnlyForDeploymentPostprocessing = 0;
		};
/* End PBXResourcesBuildPhase section */

/* Begin PBXSourcesBuildPhase section */
		7408EC701C8DCCA900366C45 /* Sources */ = {
			isa = PBXSourcesBuildPhase;
			buildActionMask = 2147483647;
			files = (
				7408EC801C8DCCA900366C45 /* ListApp.xcdatamodeld in Sources */,
				7408EC7A1C8DCCA900366C45 /* TableViewController.swift in Sources */,
				7408EC781C8DCCA900366C45 /* AppDelegate.swift in Sources */,
			);
			runOnlyForDeploymentPostprocessing = 0;
		};
		7408EC871C8DCCA900366C45 /* Sources */ = {
			isa = PBXSourcesBuildPhase;
			buildActionMask = 2147483647;
			files = (
				7408EC901C8DCCA900366C45 /* ListAppTests.swift in Sources */,
			);
			runOnlyForDeploymentPostprocessing = 0;
		};
		7408EC921C8DCCA900366C45 /* Sources */ = {
			isa = PBXSourcesBuildPhase;
			buildActionMask = 2147483647;
			files = (
				7408EC9B1C8DCCA900366C45 /* ListAppUITests.swift in Sources */,
			);
			runOnlyForDeploymentPostprocessing = 0;
		};
/* End PBXSourcesBuildPhase section */

/* Begin PBXTargetDependency section */
		7408EC8D1C8DCCA900366C45 /* PBXTargetDependency */ = {
			isa = PBXTargetDependency;
			target = 7408EC731C8DCCA900366C45 /* ListApp */;
			targetProxy = 7408EC8C1C8DCCA900366C45 /* PBXContainerItemProxy */;
		};
		7408EC981C8DCCA900366C45 /* PBXTargetDependency */ = {
			isa = PBXTargetDependency;
			target = 7408EC731C8DCCA900366C45 /* ListApp */;
			targetProxy = 7408EC971C8DCCA900366C45 /* PBXContainerItemProxy */;
		};
/* End PBXTargetDependency section */

/* Begin PBXVariantGroup section */
		7408EC7B1C8DCCA900366C45 /* Main.storyboard */ = {
			isa = PBXVariantGroup;
			children = (
				7408EC7C1C8DCCA900366C45 /* Base */,
			);
			name = Main.storyboard;
			sourceTree = "<group>";
		};
		7408EC831C8DCCA900366C45 /* LaunchScreen.storyboard */ = {
			isa = PBXVariantGroup;
			children = (
				7408EC841C8DCCA900366C45 /* Base */,
			);
			name = LaunchScreen.storyboard;
			sourceTree = "<group>";
		};
/* End PBXVariantGroup section */

/* Begin XCBuildConfiguration section */
		7408EC9D1C8DCCA900366C45 /* Debug */ = {
			isa = XCBuildConfiguration;
			buildSettings = {
				ALWAYS_SEARCH_USER_PATHS = NO;
				CLANG_CXX_LANGUAGE_STANDARD = "gnu++0x";
				CLANG_CXX_LIBRARY = "libc++";
				CLANG_ENABLE_MODULES = YES;
				CLANG_ENABLE_OBJC_ARC = YES;
				CLANG_WARN_BOOL_CONVERSION = YES;
				CLANG_WARN_CONSTANT_CONVERSION = YES;
				CLANG_WARN_DIRECT_OBJC_ISA_USAGE = YES_ERROR;
				CLANG_WARN_EMPTY_BODY = YES;
				CLANG_WARN_ENUM_CONVERSION = YES;
				CLANG_WARN_INT_CONVERSION = YES;
				CLANG_WARN_OBJC_ROOT_CLASS = YES_ERROR;
				CLANG_WARN_UNREACHABLE_CODE = YES;
				CLANG_WARN__DUPLICATE_METHOD_MATCH = YES;
				"CODE_SIGN_IDENTITY[sdk=iphoneos*]" = "iPhone Developer";
				COPY_PHASE_STRIP = NO;
				DEBUG_INFORMATION_FORMAT = dwarf;
				ENABLE_STRICT_OBJC_MSGSEND = YES;
				ENABLE_TESTABILITY = YES;
				GCC_C_LANGUAGE_STANDARD = gnu99;
				GCC_DYNAMIC_NO_PIC = NO;
				GCC_NO_COMMON_BLOCKS = YES;
				GCC_OPTIMIZATION_LEVEL = 0;
				GCC_PREPROCESSOR_DEFINITIONS = (
					"DEBUG=1",
					"$(inherited)",
				);
				GCC_WARN_64_TO_32_BIT_CONVERSION = YES;
				GCC_WARN_ABOUT_RETURN_TYPE = YES_ERROR;
				GCC_WARN_UNDECLARED_SELECTOR = YES;
				GCC_WARN_UNINITIALIZED_AUTOS = YES_AGGRESSIVE;
				GCC_WARN_UNUSED_FUNCTION = YES;
				GCC_WARN_UNUSED_VARIABLE = YES;
				IPHONEOS_DEPLOYMENT_TARGET = 9.2;
				MTL_ENABLE_DEBUG_INFO = YES;
				ONLY_ACTIVE_ARCH = YES;
				SDKROOT = iphoneos;
				SWIFT_OPTIMIZATION_LEVEL = "-Onone";
				TARGETED_DEVICE_FAMILY = "1,2";
			};
			name = Debug;
		};
		7408EC9E1C8DCCA900366C45 /* Release */ = {
			isa = XCBuildConfiguration;
			buildSettings = {
				ALWAYS_SEARCH_USER_PATHS = NO;
				CLANG_CXX_LANGUAGE_STANDARD = "gnu++0x";
				CLANG_CXX_LIBRARY = "libc++";
				CLANG_ENABLE_MODULES = YES;
				CLANG_ENABLE_OBJC_ARC = YES;
				CLANG_WARN_BOOL_CONVERSION = YES;
				CLANG_WARN_CONSTANT_CONVERSION = YES;
				CLANG_WARN_DIRECT_OBJC_ISA_USAGE = YES_ERROR;
				CLANG_WARN_EMPTY_BODY = YES;
				CLANG_WARN_ENUM_CONVERSION = YES;
				CLANG_WARN_INT_CONVERSION = YES;
				CLANG_WARN_OBJC_ROOT_CLASS = YES_ERROR;
				CLANG_WARN_UNREACHABLE_CODE = YES;
				CLANG_WARN__DUPLICATE_METHOD_MATCH = YES;
				"CODE_SIGN_IDENTITY[sdk=iphoneos*]" = "iPhone Developer";
				COPY_PHASE_STRIP = NO;
				DEBUG_INFORMATION_FORMAT = "dwarf-with-dsym";
				ENABLE_NS_ASSERTIONS = NO;
				ENABLE_STRICT_OBJC_MSGSEND = YES;
				GCC_C_LANGUAGE_STANDARD = gnu99;
				GCC_NO_COMMON_BLOCKS = YES;
				GCC_WARN_64_TO_32_BIT_CONVERSION = YES;
				GCC_WARN_ABOUT_RETURN_TYPE = YES_ERROR;
				GCC_WARN_UNDECLARED_SELECTOR = YES;
				GCC_WARN_UNINITIALIZED_AUTOS = YES_AGGRESSIVE;
				GCC_WARN_UNUSED_FUNCTION = YES;
				GCC_WARN_UNUSED_VARIABLE = YES;
				IPHONEOS_DEPLOYMENT_TARGET = 9.2;
				MTL_ENABLE_DEBUG_INFO = NO;
				SDKROOT = iphoneos;
				TARGETED_DEVICE_FAMILY = "1,2";
				VALIDATE_PRODUCT = YES;
			};
			name = Release;
		};
		7408ECA01C8DCCA900366C45 /* Debug */ = {
			isa = XCBuildConfiguration;
			buildSettings = {
				ASSETCATALOG_COMPILER_APPICON_NAME = AppIcon;
				INFOPLIST_FILE = ListApp/Info.plist;
				LD_RUNPATH_SEARCH_PATHS = "$(inherited) @executable_path/Frameworks";
				PRODUCT_BUNDLE_IDENTIFIER = com.alvin.ListApp;
				PRODUCT_NAME = "$(TARGET_NAME)";
			};
			name = Debug;
		};
		7408ECA11C8DCCA900366C45 /* Release */ = {
			isa = XCBuildConfiguration;
			buildSettings = {
				ASSETCATALOG_COMPILER_APPICON_NAME = AppIcon;
				INFOPLIST_FILE = ListApp/Info.plist;
				LD_RUNPATH_SEARCH_PATHS = "$(inherited) @executable_path/Frameworks";
				PRODUCT_BUNDLE_IDENTIFIER = com.alvin.ListApp;
				PRODUCT_NAME = "$(TARGET_NAME)";
			};
			name = Release;
		};
		7408ECA31C8DCCA900366C45 /* Debug */ = {
			isa = XCBuildConfiguration;
			buildSettings = {
				BUNDLE_LOADER = "$(TEST_HOST)";
				INFOPLIST_FILE = ListAppTests/Info.plist;
				LD_RUNPATH_SEARCH_PATHS = "$(inherited) @executable_path/Frameworks @loader_path/Frameworks";
				PRODUCT_BUNDLE_IDENTIFIER = com.alvin.ListAppTests;
				PRODUCT_NAME = "$(TARGET_NAME)";
				TEST_HOST = "$(BUILT_PRODUCTS_DIR)/ListApp.app/ListApp";
			};
			name = Debug;
		};
		7408ECA41C8DCCA900366C45 /* Release */ = {
			isa = XCBuildConfiguration;
			buildSettings = {
				BUNDLE_LOADER = "$(TEST_HOST)";
				INFOPLIST_FILE = ListAppTests/Info.plist;
				LD_RUNPATH_SEARCH_PATHS = "$(inherited) @executable_path/Frameworks @loader_path/Frameworks";
				PRODUCT_BUNDLE_IDENTIFIER = com.alvin.ListAppTests;
				PRODUCT_NAME = "$(TARGET_NAME)";
				TEST_HOST = "$(BUILT_PRODUCTS_DIR)/ListApp.app/ListApp";
			};
			name = Release;
		};
		7408ECA61C8DCCA900366C45 /* Debug */ = {
			isa = XCBuildConfiguration;
			buildSettings = {
				INFOPLIST_FILE = ListAppUITests/Info.plist;
				LD_RUNPATH_SEARCH_PATHS = "$(inherited) @executable_path/Frameworks @loader_path/Frameworks";
				PRODUCT_BUNDLE_IDENTIFIER = com.alvin.ListAppUITests;
				PRODUCT_NAME = "$(TARGET_NAME)";
				TEST_TARGET_NAME = ListApp;
				USES_XCTRUNNER = YES;
			};
			name = Debug;
		};
		7408ECA71C8DCCA900366C45 /* Release */ = {
			isa = XCBuildConfiguration;
			buildSettings = {
				INFOPLIST_FILE = ListAppUITests/Info.plist;
				LD_RUNPATH_SEARCH_PATHS = "$(inherited) @executable_path/Frameworks @loader_path/Frameworks";
				PRODUCT_BUNDLE_IDENTIFIER = com.alvin.ListAppUITests;
				PRODUCT_NAME = "$(TARGET_NAME)";
				TEST_TARGET_NAME = ListApp;
				USES_XCTRUNNER = YES;
			};
			name = Release;
		};
/* End XCBuildConfiguration section */

/* Begin XCConfigurationList section */
		7408EC6F1C8DCCA900366C45 /* Build configuration list for PBXProject "ListApp" */ = {
			isa = XCConfigurationList;
			buildConfigurations = (
				7408EC9D1C8DCCA900366C45 /* Debug */,
				7408EC9E1C8DCCA900366C45 /* Release */,
			);
			defaultConfigurationIsVisible = 0;
			defaultConfigurationName = Release;
		};
		7408EC9F1C8DCCA900366C45 /* Build configuration list for PBXNativeTarget "ListApp" */ = {
			isa = XCConfigurationList;
			buildConfigurations = (
				7408ECA01C8DCCA900366C45 /* Debug */,
				7408ECA11C8DCCA900366C45 /* Release */,
			);
			defaultConfigurationIsVisible = 0;
		};
		7408ECA21C8DCCA900366C45 /* Build configuration list for PBXNativeTarget "ListAppTests" */ = {
			isa = XCConfigurationList;
			buildConfigurations = (
				7408ECA31C8DCCA900366C45 /* Debug */,
				7408ECA41C8DCCA900366C45 /* Release */,
			);
			defaultConfigurationIsVisible = 0;
		};
		7408ECA51C8DCCA900366C45 /* Build configuration list for PBXNativeTarget "ListAppUITests" */ = {
			isa = XCConfigurationList;
			buildConfigurations = (
				7408ECA61C8DCCA900366C45 /* Debug */,
				7408ECA71C8DCCA900366C45 /* Release */,
			);
			defaultConfigurationIsVisible = 0;
		};
/* End XCConfigurationList section */

/* Begin XCVersionGroup section */
		7408EC7E1C8DCCA900366C45 /* ListApp.xcdatamodeld */ = {
			isa = XCVersionGroup;
			children = (
				7408EC7F1C8DCCA900366C45 /* ListApp.xcdatamodel */,
			);
			currentVersion = 7408EC7F1C8DCCA900366C45 /* ListApp.xcdatamodel */;
			path = ListApp.xcdatamodeld;
			sourceTree = "<group>";
			versionGroupType = wrapper.xcdatamodel;
		};
/* End XCVersionGroup section */
	};
	rootObject = 7408EC6C1C8DCCA900366C45 /* Project object */;
}
